// !$*UTF8*$!
{
	archiveVersion = 1;
	classes = {
	};
	objectVersion = 56;
	objects = {

/* Begin PBXBuildFile section */
		DD0FF20A2B8EC1570061F9DB /* .swiftlint.yml in Resources */ = {isa = PBXBuildFile; fileRef = DD0FF2092B8EC1570061F9DB /* .swiftlint.yml */; };
		DD0FF20E2B8ED57B0061F9DB /* NetworkManager.swift in Sources */ = {isa = PBXBuildFile; fileRef = DD0FF20D2B8ED57B0061F9DB /* NetworkManager.swift */; };
		DD0FF2102B8ED58D0061F9DB /* NetworkModel.swift in Sources */ = {isa = PBXBuildFile; fileRef = DD0FF20F2B8ED58D0061F9DB /* NetworkModel.swift */; };
		DD0FF2122B8ED59B0061F9DB /* NetworkConstant.swift in Sources */ = {isa = PBXBuildFile; fileRef = DD0FF2112B8ED59B0061F9DB /* NetworkConstant.swift */; };
		DD0FF21C2B8ED7E20061F9DB /* CafeEntity.swift in Sources */ = {isa = PBXBuildFile; fileRef = DD0FF21B2B8ED7E20061F9DB /* CafeEntity.swift */; };
		DD0FF21E2B8ED7EF0061F9DB /* CurationEntity.swift in Sources */ = {isa = PBXBuildFile; fileRef = DD0FF21D2B8ED7EF0061F9DB /* CurationEntity.swift */; };
		DD0FF2202B8ED7F80061F9DB /* HomeEntity.swift in Sources */ = {isa = PBXBuildFile; fileRef = DD0FF21F2B8ED7F80061F9DB /* HomeEntity.swift */; };
		DD0FF2222B8ED8020061F9DB /* OnboardingEntity.swift in Sources */ = {isa = PBXBuildFile; fileRef = DD0FF2212B8ED8020061F9DB /* OnboardingEntity.swift */; };
		DD0FF2262B8ED81C0061F9DB /* SearchEntity.swift in Sources */ = {isa = PBXBuildFile; fileRef = DD0FF2252B8ED81C0061F9DB /* SearchEntity.swift */; };
		DD0FF2282B8ED8250061F9DB /* UserEntity.swift in Sources */ = {isa = PBXBuildFile; fileRef = DD0FF2272B8ED8250061F9DB /* UserEntity.swift */; };
		DD0FF2352B8ED8A60061F9DB /* Cafe.swift in Sources */ = {isa = PBXBuildFile; fileRef = DD0FF22A2B8ED8A60061F9DB /* Cafe.swift */; };
		DD0FF2362B8ED8A60061F9DB /* Home.swift in Sources */ = {isa = PBXBuildFile; fileRef = DD0FF22C2B8ED8A60061F9DB /* Home.swift */; };
		DD0FF2372B8ED8A60061F9DB /* Curation.swift in Sources */ = {isa = PBXBuildFile; fileRef = DD0FF22E2B8ED8A60061F9DB /* Curation.swift */; };
		DD0FF2382B8ED8A60061F9DB /* Onboarding.swift in Sources */ = {isa = PBXBuildFile; fileRef = DD0FF2302B8ED8A60061F9DB /* Onboarding.swift */; };
		DD0FF2392B8ED8A60061F9DB /* User.swift in Sources */ = {isa = PBXBuildFile; fileRef = DD0FF2322B8ED8A60061F9DB /* User.swift */; };
		DD0FF23A2B8ED8A60061F9DB /* Search.swift in Sources */ = {isa = PBXBuildFile; fileRef = DD0FF2342B8ED8A60061F9DB /* Search.swift */; };
		DD0FF2402B8EDE220061F9DB /* BaseURL.swift in Sources */ = {isa = PBXBuildFile; fileRef = DD0FF23F2B8EDE220061F9DB /* BaseURL.swift */; };
		DD0FF2432B8EDE400061F9DB /* Protocol.swift in Sources */ = {isa = PBXBuildFile; fileRef = DD0FF2422B8EDE400061F9DB /* Protocol.swift */; };
		DD0FF2462B8EDE690061F9DB /* Extension+.swift in Sources */ = {isa = PBXBuildFile; fileRef = DD0FF2452B8EDE690061F9DB /* Extension+.swift */; };
		DD0FF2562B8EDFD50061F9DB /* SCDream9.otf in Resources */ = {isa = PBXBuildFile; fileRef = DD0FF24E2B8EDFC80061F9DB /* SCDream9.otf */; };
		DD0FF2572B8EDFD50061F9DB /* SCDream5.otf in Resources */ = {isa = PBXBuildFile; fileRef = DD0FF2492B8EDFC80061F9DB /* SCDream5.otf */; };
		DD0FF2582B8EDFD50061F9DB /* PyeongChangPeace-Bold.otf in Resources */ = {isa = PBXBuildFile; fileRef = DD0FF24C2B8EDFC80061F9DB /* PyeongChangPeace-Bold.otf */; };
		DD0FF2592B8EDFD50061F9DB /* SCDream8.otf in Resources */ = {isa = PBXBuildFile; fileRef = DD0FF24B2B8EDFC80061F9DB /* SCDream8.otf */; };
		DD0FF25A2B8EDFD50061F9DB /* PyeongChangPeace-Light.otf in Resources */ = {isa = PBXBuildFile; fileRef = DD0FF24D2B8EDFC80061F9DB /* PyeongChangPeace-Light.otf */; };
		DD0FF25B2B8EDFD50061F9DB /* SCDream6.otf in Resources */ = {isa = PBXBuildFile; fileRef = DD0FF2512B8EDFC80061F9DB /* SCDream6.otf */; };
		DD0FF25C2B8EDFD50061F9DB /* PyeongChangPeace-Light 2.otf in Resources */ = {isa = PBXBuildFile; fileRef = DD0FF24F2B8EDFC80061F9DB /* PyeongChangPeace-Light 2.otf */; };
		DD0FF25D2B8EDFD50061F9DB /* SCDream1.otf in Resources */ = {isa = PBXBuildFile; fileRef = DD0FF2502B8EDFC80061F9DB /* SCDream1.otf */; };
		DD0FF25E2B8EDFD50061F9DB /* SCDream4.otf in Resources */ = {isa = PBXBuildFile; fileRef = DD0FF2522B8EDFC80061F9DB /* SCDream4.otf */; };
		DD0FF25F2B8EDFD50061F9DB /* SCDream3.otf in Resources */ = {isa = PBXBuildFile; fileRef = DD0FF2532B8EDFC80061F9DB /* SCDream3.otf */; };
		DD0FF2602B8EDFD50061F9DB /* PyeongChangPeace-Bold 2.otf in Resources */ = {isa = PBXBuildFile; fileRef = DD0FF2552B8EDFC80061F9DB /* PyeongChangPeace-Bold 2.otf */; };
		DD0FF2612B8EDFD50061F9DB /* SCDream2.otf in Resources */ = {isa = PBXBuildFile; fileRef = DD0FF2542B8EDFC80061F9DB /* SCDream2.otf */; };
		DD0FF2622B8EDFD50061F9DB /* SCDream7.otf in Resources */ = {isa = PBXBuildFile; fileRef = DD0FF24A2B8EDFC80061F9DB /* SCDream7.otf */; };
		DD652CFD2B8A2FBE00542337 /* HonzapdaApp.swift in Sources */ = {isa = PBXBuildFile; fileRef = DD652CFC2B8A2FBE00542337 /* HonzapdaApp.swift */; };
		DD652CFF2B8A2FBE00542337 /* ContentView.swift in Sources */ = {isa = PBXBuildFile; fileRef = DD652CFE2B8A2FBE00542337 /* ContentView.swift */; };
		DD652D012B8A2FBF00542337 /* Assets.xcassets in Resources */ = {isa = PBXBuildFile; fileRef = DD652D002B8A2FBF00542337 /* Assets.xcassets */; };
		DD652D042B8A2FBF00542337 /* Preview Assets.xcassets in Resources */ = {isa = PBXBuildFile; fileRef = DD652D032B8A2FBF00542337 /* Preview Assets.xcassets */; };
		DD90868D2B8C98BF006E5625 /* Alamofire in Frameworks */ = {isa = PBXBuildFile; productRef = DD90868C2B8C98BF006E5625 /* Alamofire */; };
		DD9086902B8CD05B006E5625 /* Kingfisher in Frameworks */ = {isa = PBXBuildFile; productRef = DD90868F2B8CD05B006E5625 /* Kingfisher */; };
/* End PBXBuildFile section */

/* Begin PBXFileReference section */
		DD0FF2092B8EC1570061F9DB /* .swiftlint.yml */ = {isa = PBXFileReference; lastKnownFileType = text.yaml; path = .swiftlint.yml; sourceTree = "<group>"; };
		DD0FF20D2B8ED57B0061F9DB /* NetworkManager.swift */ = {isa = PBXFileReference; lastKnownFileType = sourcecode.swift; path = NetworkManager.swift; sourceTree = "<group>"; };
		DD0FF20F2B8ED58D0061F9DB /* NetworkModel.swift */ = {isa = PBXFileReference; lastKnownFileType = sourcecode.swift; path = NetworkModel.swift; sourceTree = "<group>"; };
		DD0FF2112B8ED59B0061F9DB /* NetworkConstant.swift */ = {isa = PBXFileReference; lastKnownFileType = sourcecode.swift; path = NetworkConstant.swift; sourceTree = "<group>"; };
		DD0FF21B2B8ED7E20061F9DB /* CafeEntity.swift */ = {isa = PBXFileReference; lastKnownFileType = sourcecode.swift; path = CafeEntity.swift; sourceTree = "<group>"; };
		DD0FF21D2B8ED7EF0061F9DB /* CurationEntity.swift */ = {isa = PBXFileReference; lastKnownFileType = sourcecode.swift; path = CurationEntity.swift; sourceTree = "<group>"; };
		DD0FF21F2B8ED7F80061F9DB /* HomeEntity.swift */ = {isa = PBXFileReference; lastKnownFileType = sourcecode.swift; path = HomeEntity.swift; sourceTree = "<group>"; };
		DD0FF2212B8ED8020061F9DB /* OnboardingEntity.swift */ = {isa = PBXFileReference; lastKnownFileType = sourcecode.swift; path = OnboardingEntity.swift; sourceTree = "<group>"; };
		DD0FF2252B8ED81C0061F9DB /* SearchEntity.swift */ = {isa = PBXFileReference; lastKnownFileType = sourcecode.swift; path = SearchEntity.swift; sourceTree = "<group>"; };
		DD0FF2272B8ED8250061F9DB /* UserEntity.swift */ = {isa = PBXFileReference; lastKnownFileType = sourcecode.swift; path = UserEntity.swift; sourceTree = "<group>"; };
		DD0FF22A2B8ED8A60061F9DB /* Cafe.swift */ = {isa = PBXFileReference; fileEncoding = 4; lastKnownFileType = sourcecode.swift; path = Cafe.swift; sourceTree = "<group>"; };
		DD0FF22C2B8ED8A60061F9DB /* Home.swift */ = {isa = PBXFileReference; fileEncoding = 4; lastKnownFileType = sourcecode.swift; path = Home.swift; sourceTree = "<group>"; };
		DD0FF22E2B8ED8A60061F9DB /* Curation.swift */ = {isa = PBXFileReference; fileEncoding = 4; lastKnownFileType = sourcecode.swift; path = Curation.swift; sourceTree = "<group>"; };
		DD0FF2302B8ED8A60061F9DB /* Onboarding.swift */ = {isa = PBXFileReference; fileEncoding = 4; lastKnownFileType = sourcecode.swift; path = Onboarding.swift; sourceTree = "<group>"; };
		DD0FF2322B8ED8A60061F9DB /* User.swift */ = {isa = PBXFileReference; fileEncoding = 4; lastKnownFileType = sourcecode.swift; path = User.swift; sourceTree = "<group>"; };
		DD0FF2342B8ED8A60061F9DB /* Search.swift */ = {isa = PBXFileReference; fileEncoding = 4; lastKnownFileType = sourcecode.swift; path = Search.swift; sourceTree = "<group>"; };
		DD0FF23D2B8EDA0F0061F9DB /* Info.plist */ = {isa = PBXFileReference; lastKnownFileType = text.plist.xml; path = Info.plist; sourceTree = "<group>"; };
		DD0FF23F2B8EDE220061F9DB /* BaseURL.swift */ = {isa = PBXFileReference; lastKnownFileType = sourcecode.swift; path = BaseURL.swift; sourceTree = "<group>"; };
		DD0FF2422B8EDE400061F9DB /* Protocol.swift */ = {isa = PBXFileReference; lastKnownFileType = sourcecode.swift; path = Protocol.swift; sourceTree = "<group>"; };
		DD0FF2452B8EDE690061F9DB /* Extension+.swift */ = {isa = PBXFileReference; lastKnownFileType = sourcecode.swift; path = "Extension+.swift"; sourceTree = "<group>"; };
		DD0FF2492B8EDFC80061F9DB /* SCDream5.otf */ = {isa = PBXFileReference; lastKnownFileType = file; path = SCDream5.otf; sourceTree = "<group>"; };
		DD0FF24A2B8EDFC80061F9DB /* SCDream7.otf */ = {isa = PBXFileReference; lastKnownFileType = file; path = SCDream7.otf; sourceTree = "<group>"; };
		DD0FF24B2B8EDFC80061F9DB /* SCDream8.otf */ = {isa = PBXFileReference; lastKnownFileType = file; path = SCDream8.otf; sourceTree = "<group>"; };
		DD0FF24C2B8EDFC80061F9DB /* PyeongChangPeace-Bold.otf */ = {isa = PBXFileReference; lastKnownFileType = file; path = "PyeongChangPeace-Bold.otf"; sourceTree = "<group>"; };
		DD0FF24D2B8EDFC80061F9DB /* PyeongChangPeace-Light.otf */ = {isa = PBXFileReference; lastKnownFileType = file; path = "PyeongChangPeace-Light.otf"; sourceTree = "<group>"; };
		DD0FF24E2B8EDFC80061F9DB /* SCDream9.otf */ = {isa = PBXFileReference; lastKnownFileType = file; path = SCDream9.otf; sourceTree = "<group>"; };
		DD0FF24F2B8EDFC80061F9DB /* PyeongChangPeace-Light 2.otf */ = {isa = PBXFileReference; lastKnownFileType = file; path = "PyeongChangPeace-Light 2.otf"; sourceTree = "<group>"; };
		DD0FF2502B8EDFC80061F9DB /* SCDream1.otf */ = {isa = PBXFileReference; lastKnownFileType = file; path = SCDream1.otf; sourceTree = "<group>"; };
		DD0FF2512B8EDFC80061F9DB /* SCDream6.otf */ = {isa = PBXFileReference; lastKnownFileType = file; path = SCDream6.otf; sourceTree = "<group>"; };
		DD0FF2522B8EDFC80061F9DB /* SCDream4.otf */ = {isa = PBXFileReference; lastKnownFileType = file; path = SCDream4.otf; sourceTree = "<group>"; };
		DD0FF2532B8EDFC80061F9DB /* SCDream3.otf */ = {isa = PBXFileReference; lastKnownFileType = file; path = SCDream3.otf; sourceTree = "<group>"; };
		DD0FF2542B8EDFC80061F9DB /* SCDream2.otf */ = {isa = PBXFileReference; lastKnownFileType = file; path = SCDream2.otf; sourceTree = "<group>"; };
		DD0FF2552B8EDFC80061F9DB /* PyeongChangPeace-Bold 2.otf */ = {isa = PBXFileReference; lastKnownFileType = file; path = "PyeongChangPeace-Bold 2.otf"; sourceTree = "<group>"; };
		DD652CF92B8A2FBE00542337 /* Honzapda.app */ = {isa = PBXFileReference; explicitFileType = wrapper.application; includeInIndex = 0; path = Honzapda.app; sourceTree = BUILT_PRODUCTS_DIR; };
		DD652CFC2B8A2FBE00542337 /* HonzapdaApp.swift */ = {isa = PBXFileReference; lastKnownFileType = sourcecode.swift; path = HonzapdaApp.swift; sourceTree = "<group>"; };
		DD652CFE2B8A2FBE00542337 /* ContentView.swift */ = {isa = PBXFileReference; lastKnownFileType = sourcecode.swift; path = ContentView.swift; sourceTree = "<group>"; };
		DD652D002B8A2FBF00542337 /* Assets.xcassets */ = {isa = PBXFileReference; lastKnownFileType = folder.assetcatalog; path = Assets.xcassets; sourceTree = "<group>"; };
		DD652D032B8A2FBF00542337 /* Preview Assets.xcassets */ = {isa = PBXFileReference; lastKnownFileType = folder.assetcatalog; path = "Preview Assets.xcassets"; sourceTree = "<group>"; };
/* End PBXFileReference section */

/* Begin PBXFrameworksBuildPhase section */
		DD652CF62B8A2FBE00542337 /* Frameworks */ = {
			isa = PBXFrameworksBuildPhase;
			buildActionMask = 2147483647;
			files = (
				DD9086902B8CD05B006E5625 /* Kingfisher in Frameworks */,
				DD90868D2B8C98BF006E5625 /* Alamofire in Frameworks */,
			);
			runOnlyForDeploymentPostprocessing = 0;
		};
/* End PBXFrameworksBuildPhase section */

/* Begin PBXGroup section */
		DD0FF20B2B8ED54C0061F9DB /* Application */ = {
			isa = PBXGroup;
			children = (
				DD652CFC2B8A2FBE00542337 /* HonzapdaApp.swift */,
			);
			path = Application;
			sourceTree = "<group>";
		};
		DD0FF20C2B8ED55F0061F9DB /* Network */ = {
			isa = PBXGroup;
			children = (
				DD0FF2112B8ED59B0061F9DB /* NetworkConstant.swift */,
				DD0FF20D2B8ED57B0061F9DB /* NetworkManager.swift */,
				DD0FF20F2B8ED58D0061F9DB /* NetworkModel.swift */,
				DD0FF2182B8ED7570061F9DB /* Cafe */,
				DD0FF2162B8ED5D60061F9DB /* Curation */,
				DD0FF2142B8ED5BF0061F9DB /* Home */,
				DD0FF2132B8ED5AC0061F9DB /* Onboarding */,
				DD0FF2152B8ED5C80061F9DB /* Search */,
				DD0FF2172B8ED7400061F9DB /* User */,
			);
			path = Network;
			sourceTree = "<group>";
		};
		DD0FF2132B8ED5AC0061F9DB /* Onboarding */ = {
			isa = PBXGroup;
			children = (
				DD0FF2212B8ED8020061F9DB /* OnboardingEntity.swift */,
			);
			path = Onboarding;
			sourceTree = "<group>";
		};
		DD0FF2142B8ED5BF0061F9DB /* Home */ = {
			isa = PBXGroup;
			children = (
				DD0FF21F2B8ED7F80061F9DB /* HomeEntity.swift */,
			);
			path = Home;
			sourceTree = "<group>";
		};
		DD0FF2152B8ED5C80061F9DB /* Search */ = {
			isa = PBXGroup;
			children = (
				DD0FF2252B8ED81C0061F9DB /* SearchEntity.swift */,
			);
			path = Search;
			sourceTree = "<group>";
		};
		DD0FF2162B8ED5D60061F9DB /* Curation */ = {
			isa = PBXGroup;
			children = (
				DD0FF21D2B8ED7EF0061F9DB /* CurationEntity.swift */,
			);
			path = Curation;
			sourceTree = "<group>";
		};
		DD0FF2172B8ED7400061F9DB /* User */ = {
			isa = PBXGroup;
			children = (
				DD0FF2272B8ED8250061F9DB /* UserEntity.swift */,
			);
			path = User;
			sourceTree = "<group>";
		};
		DD0FF2182B8ED7570061F9DB /* Cafe */ = {
			isa = PBXGroup;
			children = (
				DD0FF21B2B8ED7E20061F9DB /* CafeEntity.swift */,
			);
			path = Cafe;
			sourceTree = "<group>";
		};
		DD0FF21A2B8ED7980061F9DB /* Presentation */ = {
			isa = PBXGroup;
			children = (
				DD652CFE2B8A2FBE00542337 /* ContentView.swift */,
				DD0FF2292B8ED8A60061F9DB /* Cafe */,
				DD0FF22D2B8ED8A60061F9DB /* Curation */,
				DD0FF22B2B8ED8A60061F9DB /* Home */,
				DD0FF22F2B8ED8A60061F9DB /* Onboarding */,
				DD0FF2332B8ED8A60061F9DB /* Search */,
				DD0FF2312B8ED8A60061F9DB /* User */,
			);
			path = Presentation;
			sourceTree = "<group>";
		};
		DD0FF2292B8ED8A60061F9DB /* Cafe */ = {
			isa = PBXGroup;
			children = (
				DD0FF22A2B8ED8A60061F9DB /* Cafe.swift */,
			);
			path = Cafe;
			sourceTree = "<group>";
		};
		DD0FF22B2B8ED8A60061F9DB /* Home */ = {
			isa = PBXGroup;
			children = (
				DD0FF22C2B8ED8A60061F9DB /* Home.swift */,
			);
			path = Home;
			sourceTree = "<group>";
		};
		DD0FF22D2B8ED8A60061F9DB /* Curation */ = {
			isa = PBXGroup;
			children = (
				DD0FF22E2B8ED8A60061F9DB /* Curation.swift */,
			);
			path = Curation;
			sourceTree = "<group>";
		};
		DD0FF22F2B8ED8A60061F9DB /* Onboarding */ = {
			isa = PBXGroup;
			children = (
				DD0FF2302B8ED8A60061F9DB /* Onboarding.swift */,
			);
			path = Onboarding;
			sourceTree = "<group>";
		};
		DD0FF2312B8ED8A60061F9DB /* User */ = {
			isa = PBXGroup;
			children = (
				DD0FF2322B8ED8A60061F9DB /* User.swift */,
			);
			path = User;
			sourceTree = "<group>";
		};
		DD0FF2332B8ED8A60061F9DB /* Search */ = {
			isa = PBXGroup;
			children = (
				DD0FF2342B8ED8A60061F9DB /* Search.swift */,
			);
			path = Search;
			sourceTree = "<group>";
		};
		DD0FF23B2B8ED9320061F9DB /* Global */ = {
			isa = PBXGroup;
			children = (
				DD0FF2472B8EDE7E0061F9DB /* Resources */,
				DD0FF2442B8EDE4C0061F9DB /* Extensions */,
				DD0FF2412B8EDE2C0061F9DB /* Protocols */,
				DD0FF23E2B8EDE030061F9DB /* Privates */,
				DD0FF23C2B8ED9520061F9DB /* Supporting */,
			);
			path = Global;
			sourceTree = "<group>";
		};
		DD0FF23C2B8ED9520061F9DB /* Supporting */ = {
			isa = PBXGroup;
			children = (
				DD652D022B8A2FBF00542337 /* Preview Content */,
				DD0FF23D2B8EDA0F0061F9DB /* Info.plist */,
			);
			path = Supporting;
			sourceTree = "<group>";
		};
		DD0FF23E2B8EDE030061F9DB /* Privates */ = {
			isa = PBXGroup;
			children = (
				DD0FF23F2B8EDE220061F9DB /* BaseURL.swift */,
			);
			path = Privates;
			sourceTree = "<group>";
		};
		DD0FF2412B8EDE2C0061F9DB /* Protocols */ = {
			isa = PBXGroup;
			children = (
				DD0FF2422B8EDE400061F9DB /* Protocol.swift */,
			);
			path = Protocols;
			sourceTree = "<group>";
		};
		DD0FF2442B8EDE4C0061F9DB /* Extensions */ = {
			isa = PBXGroup;
			children = (
				DD0FF2452B8EDE690061F9DB /* Extension+.swift */,
			);
			path = Extensions;
			sourceTree = "<group>";
		};
		DD0FF2472B8EDE7E0061F9DB /* Resources */ = {
			isa = PBXGroup;
			children = (
				DD0FF2482B8EDF4D0061F9DB /* Fonts */,
				DD652D002B8A2FBF00542337 /* Assets.xcassets */,
			);
			path = Resources;
			sourceTree = "<group>";
		};
		DD0FF2482B8EDF4D0061F9DB /* Fonts */ = {
			isa = PBXGroup;
			children = (
				DD0FF2552B8EDFC80061F9DB /* PyeongChangPeace-Bold 2.otf */,
				DD0FF24C2B8EDFC80061F9DB /* PyeongChangPeace-Bold.otf */,
				DD0FF24F2B8EDFC80061F9DB /* PyeongChangPeace-Light 2.otf */,
				DD0FF24D2B8EDFC80061F9DB /* PyeongChangPeace-Light.otf */,
				DD0FF2502B8EDFC80061F9DB /* SCDream1.otf */,
				DD0FF2542B8EDFC80061F9DB /* SCDream2.otf */,
				DD0FF2532B8EDFC80061F9DB /* SCDream3.otf */,
				DD0FF2522B8EDFC80061F9DB /* SCDream4.otf */,
				DD0FF2492B8EDFC80061F9DB /* SCDream5.otf */,
				DD0FF2512B8EDFC80061F9DB /* SCDream6.otf */,
				DD0FF24A2B8EDFC80061F9DB /* SCDream7.otf */,
				DD0FF24B2B8EDFC80061F9DB /* SCDream8.otf */,
				DD0FF24E2B8EDFC80061F9DB /* SCDream9.otf */,
			);
			path = Fonts;
			sourceTree = "<group>";
		};
		DD652CF02B8A2FBE00542337 = {
			isa = PBXGroup;
			children = (
				DD0FF2092B8EC1570061F9DB /* .swiftlint.yml */,
				DD652CFB2B8A2FBE00542337 /* Honzapda */,
				DD652CFA2B8A2FBE00542337 /* Products */,
			);
			sourceTree = "<group>";
		};
		DD652CFA2B8A2FBE00542337 /* Products */ = {
			isa = PBXGroup;
			children = (
				DD652CF92B8A2FBE00542337 /* Honzapda.app */,
			);
			name = Products;
			sourceTree = "<group>";
		};
		DD652CFB2B8A2FBE00542337 /* Honzapda */ = {
			isa = PBXGroup;
			children = (
				DD0FF20B2B8ED54C0061F9DB /* Application */,
				DD0FF23B2B8ED9320061F9DB /* Global */,
				DD0FF20C2B8ED55F0061F9DB /* Network */,
				DD0FF21A2B8ED7980061F9DB /* Presentation */,
			);
			path = Honzapda;
			sourceTree = "<group>";
		};
		DD652D022B8A2FBF00542337 /* Preview Content */ = {
			isa = PBXGroup;
			children = (
				DD652D032B8A2FBF00542337 /* Preview Assets.xcassets */,
			);
			path = "Preview Content";
			sourceTree = "<group>";
		};
/* End PBXGroup section */

/* Begin PBXNativeTarget section */
		DD652CF82B8A2FBE00542337 /* Honzapda */ = {
			isa = PBXNativeTarget;
			buildConfigurationList = DD652D072B8A2FBF00542337 /* Build configuration list for PBXNativeTarget "Honzapda" */;
			buildPhases = (
				DD0FF2062B8EBFAC0061F9DB /* SwiftLint Script */,
				DD652CF52B8A2FBE00542337 /* Sources */,
				DD652CF62B8A2FBE00542337 /* Frameworks */,
				DD652CF72B8A2FBE00542337 /* Resources */,
			);
			buildRules = (
			);
			dependencies = (
			);
			name = Honzapda;
			packageProductDependencies = (
				DD90868C2B8C98BF006E5625 /* Alamofire */,
				DD90868F2B8CD05B006E5625 /* Kingfisher */,
			);
			productName = Honzapda;
			productReference = DD652CF92B8A2FBE00542337 /* Honzapda.app */;
			productType = "com.apple.product-type.application";
		};
/* End PBXNativeTarget section */

/* Begin PBXProject section */
		DD652CF12B8A2FBE00542337 /* Project object */ = {
			isa = PBXProject;
			attributes = {
				BuildIndependentTargetsInParallel = 1;
				LastSwiftUpdateCheck = 1520;
				LastUpgradeCheck = 1520;
				TargetAttributes = {
					DD652CF82B8A2FBE00542337 = {
						CreatedOnToolsVersion = 15.2;
					};
				};
			};
			buildConfigurationList = DD652CF42B8A2FBE00542337 /* Build configuration list for PBXProject "Honzapda" */;
			compatibilityVersion = "Xcode 14.0";
			developmentRegion = en;
			hasScannedForEncodings = 0;
			knownRegions = (
				en,
				Base,
			);
			mainGroup = DD652CF02B8A2FBE00542337;
			packageReferences = (
				DD90868B2B8C98BF006E5625 /* XCRemoteSwiftPackageReference "Alamofire" */,
				DD90868E2B8CD05B006E5625 /* XCRemoteSwiftPackageReference "Kingfisher" */,
			);
			productRefGroup = DD652CFA2B8A2FBE00542337 /* Products */;
			projectDirPath = "";
			projectRoot = "";
			targets = (
				DD652CF82B8A2FBE00542337 /* Honzapda */,
			);
		};
/* End PBXProject section */

/* Begin PBXResourcesBuildPhase section */
		DD652CF72B8A2FBE00542337 /* Resources */ = {
			isa = PBXResourcesBuildPhase;
			buildActionMask = 2147483647;
			files = (
				DD0FF2612B8EDFD50061F9DB /* SCDream2.otf in Resources */,
				DD0FF2572B8EDFD50061F9DB /* SCDream5.otf in Resources */,
				DD0FF2592B8EDFD50061F9DB /* SCDream8.otf in Resources */,
				DD0FF25D2B8EDFD50061F9DB /* SCDream1.otf in Resources */,
				DD0FF2582B8EDFD50061F9DB /* PyeongChangPeace-Bold.otf in Resources */,
				DD0FF25F2B8EDFD50061F9DB /* SCDream3.otf in Resources */,
				DD0FF25B2B8EDFD50061F9DB /* SCDream6.otf in Resources */,
				DD0FF20A2B8EC1570061F9DB /* .swiftlint.yml in Resources */,
				DD0FF2602B8EDFD50061F9DB /* PyeongChangPeace-Bold 2.otf in Resources */,
				DD0FF2622B8EDFD50061F9DB /* SCDream7.otf in Resources */,
				DD0FF25E2B8EDFD50061F9DB /* SCDream4.otf in Resources */,
				DD652D042B8A2FBF00542337 /* Preview Assets.xcassets in Resources */,
				DD652D012B8A2FBF00542337 /* Assets.xcassets in Resources */,
				DD0FF25C2B8EDFD50061F9DB /* PyeongChangPeace-Light 2.otf in Resources */,
				DD0FF2562B8EDFD50061F9DB /* SCDream9.otf in Resources */,
				DD0FF25A2B8EDFD50061F9DB /* PyeongChangPeace-Light.otf in Resources */,
			);
			runOnlyForDeploymentPostprocessing = 0;
		};
/* End PBXResourcesBuildPhase section */

/* Begin PBXShellScriptBuildPhase section */
		DD0FF2062B8EBFAC0061F9DB /* SwiftLint Script */ = {
			isa = PBXShellScriptBuildPhase;
			buildActionMask = 2147483647;
			files = (
			);
			inputFileListPaths = (
			);
			inputPaths = (
			);
			name = "SwiftLint Script";
			outputFileListPaths = (
			);
			outputPaths = (
			);
			runOnlyForDeploymentPostprocessing = 0;
			shellPath = /bin/sh;
			shellScript = "export PATH=\"$PATH:/opt/homebrew/bin\"\nif which swiftlint > /dev/null; then\n  swiftlint\nelse\n  echo \"warning: SwiftLint not installed, download from https://github.com/realm/SwiftLint\"\nfi\n";
		};
/* End PBXShellScriptBuildPhase section */

/* Begin PBXSourcesBuildPhase section */
		DD652CF52B8A2FBE00542337 /* Sources */ = {
			isa = PBXSourcesBuildPhase;
			buildActionMask = 2147483647;
			files = (
				DD0FF2282B8ED8250061F9DB /* UserEntity.swift in Sources */,
				DD0FF2262B8ED81C0061F9DB /* SearchEntity.swift in Sources */,
				DD0FF2102B8ED58D0061F9DB /* NetworkModel.swift in Sources */,
				DD0FF2382B8ED8A60061F9DB /* Onboarding.swift in Sources */,
				DD0FF2202B8ED7F80061F9DB /* HomeEntity.swift in Sources */,
				DD0FF20E2B8ED57B0061F9DB /* NetworkManager.swift in Sources */,
				DD0FF21E2B8ED7EF0061F9DB /* CurationEntity.swift in Sources */,
				DD0FF23A2B8ED8A60061F9DB /* Search.swift in Sources */,
				DD0FF2402B8EDE220061F9DB /* BaseURL.swift in Sources */,
				DD0FF2432B8EDE400061F9DB /* Protocol.swift in Sources */,
				DD0FF2392B8ED8A60061F9DB /* User.swift in Sources */,
				DD0FF2462B8EDE690061F9DB /* Extension+.swift in Sources */,
				DD652CFF2B8A2FBE00542337 /* ContentView.swift in Sources */,
				DD0FF2122B8ED59B0061F9DB /* NetworkConstant.swift in Sources */,
				DD0FF2222B8ED8020061F9DB /* OnboardingEntity.swift in Sources */,
				DD0FF2372B8ED8A60061F9DB /* Curation.swift in Sources */,
				DD652CFD2B8A2FBE00542337 /* HonzapdaApp.swift in Sources */,
				DD0FF2362B8ED8A60061F9DB /* Home.swift in Sources */,
				DD0FF21C2B8ED7E20061F9DB /* CafeEntity.swift in Sources */,
				DD0FF2352B8ED8A60061F9DB /* Cafe.swift in Sources */,
			);
			runOnlyForDeploymentPostprocessing = 0;
		};
/* End PBXSourcesBuildPhase section */

/* Begin XCBuildConfiguration section */
		DD652D052B8A2FBF00542337 /* Debug */ = {
			isa = XCBuildConfiguration;
			buildSettings = {
				ALWAYS_SEARCH_USER_PATHS = NO;
				ASSETCATALOG_COMPILER_GENERATE_SWIFT_ASSET_SYMBOL_EXTENSIONS = YES;
				CLANG_ANALYZER_NONNULL = YES;
				CLANG_ANALYZER_NUMBER_OBJECT_CONVERSION = YES_AGGRESSIVE;
				CLANG_CXX_LANGUAGE_STANDARD = "gnu++20";
				CLANG_ENABLE_MODULES = YES;
				CLANG_ENABLE_OBJC_ARC = YES;
				CLANG_ENABLE_OBJC_WEAK = YES;
				CLANG_WARN_BLOCK_CAPTURE_AUTORELEASING = YES;
				CLANG_WARN_BOOL_CONVERSION = YES;
				CLANG_WARN_COMMA = YES;
				CLANG_WARN_CONSTANT_CONVERSION = YES;
				CLANG_WARN_DEPRECATED_OBJC_IMPLEMENTATIONS = YES;
				CLANG_WARN_DIRECT_OBJC_ISA_USAGE = YES_ERROR;
				CLANG_WARN_DOCUMENTATION_COMMENTS = YES;
				CLANG_WARN_EMPTY_BODY = YES;
				CLANG_WARN_ENUM_CONVERSION = YES;
				CLANG_WARN_INFINITE_RECURSION = YES;
				CLANG_WARN_INT_CONVERSION = YES;
				CLANG_WARN_NON_LITERAL_NULL_CONVERSION = YES;
				CLANG_WARN_OBJC_IMPLICIT_RETAIN_SELF = YES;
				CLANG_WARN_OBJC_LITERAL_CONVERSION = YES;
				CLANG_WARN_OBJC_ROOT_CLASS = YES_ERROR;
				CLANG_WARN_QUOTED_INCLUDE_IN_FRAMEWORK_HEADER = YES;
				CLANG_WARN_RANGE_LOOP_ANALYSIS = YES;
				CLANG_WARN_STRICT_PROTOTYPES = YES;
				CLANG_WARN_SUSPICIOUS_MOVE = YES;
				CLANG_WARN_UNGUARDED_AVAILABILITY = YES_AGGRESSIVE;
				CLANG_WARN_UNREACHABLE_CODE = YES;
				CLANG_WARN__DUPLICATE_METHOD_MATCH = YES;
				COPY_PHASE_STRIP = NO;
				DEBUG_INFORMATION_FORMAT = dwarf;
				ENABLE_STRICT_OBJC_MSGSEND = YES;
				ENABLE_TESTABILITY = YES;
				ENABLE_USER_SCRIPT_SANDBOXING = YES;
				GCC_C_LANGUAGE_STANDARD = gnu17;
				GCC_DYNAMIC_NO_PIC = NO;
				GCC_NO_COMMON_BLOCKS = YES;
				GCC_OPTIMIZATION_LEVEL = 0;
				GCC_PREPROCESSOR_DEFINITIONS = (
					"DEBUG=1",
					"$(inherited)",
				);
				GCC_WARN_64_TO_32_BIT_CONVERSION = YES;
				GCC_WARN_ABOUT_RETURN_TYPE = YES_ERROR;
				GCC_WARN_UNDECLARED_SELECTOR = YES;
				GCC_WARN_UNINITIALIZED_AUTOS = YES_AGGRESSIVE;
				GCC_WARN_UNUSED_FUNCTION = YES;
				GCC_WARN_UNUSED_VARIABLE = YES;
				IPHONEOS_DEPLOYMENT_TARGET = 17.2;
				LOCALIZATION_PREFERS_STRING_CATALOGS = YES;
				MTL_ENABLE_DEBUG_INFO = INCLUDE_SOURCE;
				MTL_FAST_MATH = YES;
				ONLY_ACTIVE_ARCH = YES;
				SDKROOT = iphoneos;
				SWIFT_ACTIVE_COMPILATION_CONDITIONS = "DEBUG $(inherited)";
				SWIFT_OPTIMIZATION_LEVEL = "-Onone";
			};
			name = Debug;
		};
		DD652D062B8A2FBF00542337 /* Release */ = {
			isa = XCBuildConfiguration;
			buildSettings = {
				ALWAYS_SEARCH_USER_PATHS = NO;
				ASSETCATALOG_COMPILER_GENERATE_SWIFT_ASSET_SYMBOL_EXTENSIONS = YES;
				CLANG_ANALYZER_NONNULL = YES;
				CLANG_ANALYZER_NUMBER_OBJECT_CONVERSION = YES_AGGRESSIVE;
				CLANG_CXX_LANGUAGE_STANDARD = "gnu++20";
				CLANG_ENABLE_MODULES = YES;
				CLANG_ENABLE_OBJC_ARC = YES;
				CLANG_ENABLE_OBJC_WEAK = YES;
				CLANG_WARN_BLOCK_CAPTURE_AUTORELEASING = YES;
				CLANG_WARN_BOOL_CONVERSION = YES;
				CLANG_WARN_COMMA = YES;
				CLANG_WARN_CONSTANT_CONVERSION = YES;
				CLANG_WARN_DEPRECATED_OBJC_IMPLEMENTATIONS = YES;
				CLANG_WARN_DIRECT_OBJC_ISA_USAGE = YES_ERROR;
				CLANG_WARN_DOCUMENTATION_COMMENTS = YES;
				CLANG_WARN_EMPTY_BODY = YES;
				CLANG_WARN_ENUM_CONVERSION = YES;
				CLANG_WARN_INFINITE_RECURSION = YES;
				CLANG_WARN_INT_CONVERSION = YES;
				CLANG_WARN_NON_LITERAL_NULL_CONVERSION = YES;
				CLANG_WARN_OBJC_IMPLICIT_RETAIN_SELF = YES;
				CLANG_WARN_OBJC_LITERAL_CONVERSION = YES;
				CLANG_WARN_OBJC_ROOT_CLASS = YES_ERROR;
				CLANG_WARN_QUOTED_INCLUDE_IN_FRAMEWORK_HEADER = YES;
				CLANG_WARN_RANGE_LOOP_ANALYSIS = YES;
				CLANG_WARN_STRICT_PROTOTYPES = YES;
				CLANG_WARN_SUSPICIOUS_MOVE = YES;
				CLANG_WARN_UNGUARDED_AVAILABILITY = YES_AGGRESSIVE;
				CLANG_WARN_UNREACHABLE_CODE = YES;
				CLANG_WARN__DUPLICATE_METHOD_MATCH = YES;
				COPY_PHASE_STRIP = NO;
				DEBUG_INFORMATION_FORMAT = "dwarf-with-dsym";
				ENABLE_NS_ASSERTIONS = NO;
				ENABLE_STRICT_OBJC_MSGSEND = YES;
				ENABLE_USER_SCRIPT_SANDBOXING = YES;
				GCC_C_LANGUAGE_STANDARD = gnu17;
				GCC_NO_COMMON_BLOCKS = YES;
				GCC_WARN_64_TO_32_BIT_CONVERSION = YES;
				GCC_WARN_ABOUT_RETURN_TYPE = YES_ERROR;
				GCC_WARN_UNDECLARED_SELECTOR = YES;
				GCC_WARN_UNINITIALIZED_AUTOS = YES_AGGRESSIVE;
				GCC_WARN_UNUSED_FUNCTION = YES;
				GCC_WARN_UNUSED_VARIABLE = YES;
				IPHONEOS_DEPLOYMENT_TARGET = 17.2;
				LOCALIZATION_PREFERS_STRING_CATALOGS = YES;
				MTL_ENABLE_DEBUG_INFO = NO;
				MTL_FAST_MATH = YES;
				SDKROOT = iphoneos;
				SWIFT_COMPILATION_MODE = wholemodule;
				VALIDATE_PRODUCT = YES;
			};
			name = Release;
		};
		DD652D082B8A2FBF00542337 /* Debug */ = {
			isa = XCBuildConfiguration;
			buildSettings = {
				ASSETCATALOG_COMPILER_APPICON_NAME = AppIcon;
				ASSETCATALOG_COMPILER_GLOBAL_ACCENT_COLOR_NAME = AccentColor;
				"CODE_SIGN_IDENTITY[sdk=iphoneos*]" = "iPhone Developer";
				CODE_SIGN_STYLE = Manual;
				CURRENT_PROJECT_VERSION = 1;
				DEVELOPMENT_ASSET_PATHS = "\"Honzapda/Preview Content\"";
				DEVELOPMENT_TEAM = "";
				"DEVELOPMENT_TEAM[sdk=iphoneos*]" = 2DF5SKQK2R;
				ENABLE_PREVIEWS = YES;
				ENABLE_USER_SCRIPT_SANDBOXING = NO;
				GENERATE_INFOPLIST_FILE = YES;
				INFOPLIST_FILE = Honzapda/Global/Supporting/Info.plist;
				INFOPLIST_KEY_CFBundleDisplayName = "혼잡다";
				INFOPLIST_KEY_LSApplicationCategoryType = "public.app-category.lifestyle";
				INFOPLIST_KEY_UIApplicationSceneManifest_Generation = YES;
				INFOPLIST_KEY_UIApplicationSupportsIndirectInputEvents = YES;
				INFOPLIST_KEY_UILaunchScreen_Generation = YES;
				INFOPLIST_KEY_UILaunchStoryboardName = "";
				INFOPLIST_KEY_UIRequiresFullScreen = YES;
				INFOPLIST_KEY_UIStatusBarStyle = "";
				INFOPLIST_KEY_UISupportedInterfaceOrientations = UIInterfaceOrientationPortrait;
				IPHONEOS_DEPLOYMENT_TARGET = 15.0;
				LD_RUNPATH_SEARCH_PATHS = (
					"$(inherited)",
					"@executable_path/Frameworks",
				);
				MARKETING_VERSION = 1.0;
				PRODUCT_BUNDLE_IDENTIFIER = com.youz2me.Honzapda;
				PRODUCT_NAME = "$(TARGET_NAME)";
				PROVISIONING_PROFILE_SPECIFIER = "";
				"PROVISIONING_PROFILE_SPECIFIER[sdk=iphoneos*]" = honzapda_debug;
				SUPPORTED_PLATFORMS = "iphoneos iphonesimulator";
				SUPPORTS_MACCATALYST = NO;
				SUPPORTS_MAC_DESIGNED_FOR_IPHONE_IPAD = NO;
				SUPPORTS_XR_DESIGNED_FOR_IPHONE_IPAD = NO;
				SWIFT_EMIT_LOC_STRINGS = YES;
				SWIFT_VERSION = 5.0;
				TARGETED_DEVICE_FAMILY = "1,2";
			};
			name = Debug;
		};
		DD652D092B8A2FBF00542337 /* Release */ = {
			isa = XCBuildConfiguration;
			buildSettings = {
				ASSETCATALOG_COMPILER_APPICON_NAME = AppIcon;
				ASSETCATALOG_COMPILER_GLOBAL_ACCENT_COLOR_NAME = AccentColor;
				"CODE_SIGN_IDENTITY[sdk=iphoneos*]" = "iPhone Distribution";
				CODE_SIGN_STYLE = Manual;
				CURRENT_PROJECT_VERSION = 1;
				DEVELOPMENT_ASSET_PATHS = "\"Honzapda/Preview Content\"";
				DEVELOPMENT_TEAM = "";
				"DEVELOPMENT_TEAM[sdk=iphoneos*]" = 2DF5SKQK2R;
				ENABLE_PREVIEWS = YES;
				ENABLE_USER_SCRIPT_SANDBOXING = NO;
				GENERATE_INFOPLIST_FILE = YES;
				INFOPLIST_FILE = Honzapda/Global/Supporting/Info.plist;
				INFOPLIST_KEY_CFBundleDisplayName = "혼잡다";
				INFOPLIST_KEY_LSApplicationCategoryType = "public.app-category.lifestyle";
				INFOPLIST_KEY_UIApplicationSceneManifest_Generation = YES;
				INFOPLIST_KEY_UIApplicationSupportsIndirectInputEvents = YES;
				INFOPLIST_KEY_UILaunchScreen_Generation = YES;
				INFOPLIST_KEY_UILaunchStoryboardName = "";
				INFOPLIST_KEY_UIRequiresFullScreen = YES;
				INFOPLIST_KEY_UIStatusBarStyle = "";
				INFOPLIST_KEY_UISupportedInterfaceOrientations = UIInterfaceOrientationPortrait;
				IPHONEOS_DEPLOYMENT_TARGET = 15.0;
				LD_RUNPATH_SEARCH_PATHS = (
					"$(inherited)",
					"@executable_path/Frameworks",
				);
				MARKETING_VERSION = 1.0;
				PRODUCT_BUNDLE_IDENTIFIER = com.youz2me.Honzapda;
				PRODUCT_NAME = "$(TARGET_NAME)";
				PROVISIONING_PROFILE_SPECIFIER = "";
				"PROVISIONING_PROFILE_SPECIFIER[sdk=iphoneos*]" = honzapda_release;
				SUPPORTED_PLATFORMS = "iphoneos iphonesimulator";
				SUPPORTS_MACCATALYST = NO;
				SUPPORTS_MAC_DESIGNED_FOR_IPHONE_IPAD = NO;
				SUPPORTS_XR_DESIGNED_FOR_IPHONE_IPAD = NO;
				SWIFT_EMIT_LOC_STRINGS = YES;
				SWIFT_VERSION = 5.0;
				TARGETED_DEVICE_FAMILY = "1,2";
			};
			name = Release;
		};
/* End XCBuildConfiguration section */

/* Begin XCConfigurationList section */
		DD652CF42B8A2FBE00542337 /* Build configuration list for PBXProject "Honzapda" */ = {
			isa = XCConfigurationList;
			buildConfigurations = (
				DD652D052B8A2FBF00542337 /* Debug */,
				DD652D062B8A2FBF00542337 /* Release */,
			);
			defaultConfigurationIsVisible = 0;
			defaultConfigurationName = Release;
		};
		DD652D072B8A2FBF00542337 /* Build configuration list for PBXNativeTarget "Honzapda" */ = {
			isa = XCConfigurationList;
			buildConfigurations = (
				DD652D082B8A2FBF00542337 /* Debug */,
				DD652D092B8A2FBF00542337 /* Release */,
			);
			defaultConfigurationIsVisible = 0;
			defaultConfigurationName = Release;
		};
/* End XCConfigurationList section */

/* Begin XCRemoteSwiftPackageReference section */
		DD90868B2B8C98BF006E5625 /* XCRemoteSwiftPackageReference "Alamofire" */ = {
			isa = XCRemoteSwiftPackageReference;
			repositoryURL = "https://github.com/Alamofire/Alamofire";
			requirement = {
				kind = upToNextMajorVersion;
				minimumVersion = 5.8.1;
			};
		};
		DD90868E2B8CD05B006E5625 /* XCRemoteSwiftPackageReference "Kingfisher" */ = {
			isa = XCRemoteSwiftPackageReference;
			repositoryURL = "https://github.com/onevcat/Kingfisher";
			requirement = {
				kind = upToNextMajorVersion;
				minimumVersion = 7.11.0;
			};
		};
/* End XCRemoteSwiftPackageReference section */

/* Begin XCSwiftPackageProductDependency section */
		DD90868C2B8C98BF006E5625 /* Alamofire */ = {
			isa = XCSwiftPackageProductDependency;
			package = DD90868B2B8C98BF006E5625 /* XCRemoteSwiftPackageReference "Alamofire" */;
			productName = Alamofire;
		};
		DD90868F2B8CD05B006E5625 /* Kingfisher */ = {
			isa = XCSwiftPackageProductDependency;
			package = DD90868E2B8CD05B006E5625 /* XCRemoteSwiftPackageReference "Kingfisher" */;
			productName = Kingfisher;
		};
/* End XCSwiftPackageProductDependency section */
	};
	rootObject = DD652CF12B8A2FBE00542337 /* Project object */;
}
